// !$*UTF8*$!
{
	archiveVersion = 1;
	classes = {
	};
	objectVersion = 52;
	objects = {

/* Begin PBXBuildFile section */
		402E4AEA2447B3DE00F62984 /* Storage.swift in Sources */ = {isa = PBXBuildFile; fileRef = 402E4AE92447B3DE00F62984 /* Storage.swift */; };
		4039286B248D658500E45506 /* KingfisherStatic in Frameworks */ = {isa = PBXBuildFile; productRef = 4039286A248D658500E45506 /* KingfisherStatic */; };
		4039286D248D658500E45506 /* Kingfisher in Frameworks */ = {isa = PBXBuildFile; productRef = 4039286C248D658500E45506 /* Kingfisher */; };
		404CC90C24A952C400E31976 /* maping_v1_v2.xcmappingmodel in Sources */ = {isa = PBXBuildFile; fileRef = 404CC90B24A952C400E31976 /* maping_v1_v2.xcmappingmodel */; };
		406CB18A2448D84900E6122E /* ImageCell.swift in Sources */ = {isa = PBXBuildFile; fileRef = 406CB1892448D84900E6122E /* ImageCell.swift */; };
		407A156424A9D60200139B41 /* PostImageEntity+CoreDataClass.swift in Sources */ = {isa = PBXBuildFile; fileRef = 407A155E24A9D60200139B41 /* PostImageEntity+CoreDataClass.swift */; };
		407A156524A9D60200139B41 /* PostImageEntity+CoreDataProperties.swift in Sources */ = {isa = PBXBuildFile; fileRef = 407A155F24A9D60200139B41 /* PostImageEntity+CoreDataProperties.swift */; };
		407A156624A9D60200139B41 /* PageEntity+CoreDataClass.swift in Sources */ = {isa = PBXBuildFile; fileRef = 407A156024A9D60200139B41 /* PageEntity+CoreDataClass.swift */; };
		407A156724A9D60200139B41 /* PageEntity+CoreDataProperties.swift in Sources */ = {isa = PBXBuildFile; fileRef = 407A156124A9D60200139B41 /* PageEntity+CoreDataProperties.swift */; };
		407A156824A9D60200139B41 /* PostEntity+CoreDataClass.swift in Sources */ = {isa = PBXBuildFile; fileRef = 407A156224A9D60200139B41 /* PostEntity+CoreDataClass.swift */; };
		407A156924A9D60200139B41 /* PostEntity+CoreDataProperties.swift in Sources */ = {isa = PBXBuildFile; fileRef = 407A156324A9D60200139B41 /* PostEntity+CoreDataProperties.swift */; };
		409BE3B224B0CBE200605217 /* Assets.xcassets in Resources */ = {isa = PBXBuildFile; fileRef = 409BE3B124B0CBE200605217 /* Assets.xcassets */; };
		40CFF72A2447ACC90093EF64 /* reactor.xcdatamodeld in Sources */ = {isa = PBXBuildFile; fileRef = 40CFF7282447ACC90093EF64 /* reactor.xcdatamodeld */; };
		40F9EEDC24A61CC9001B679C /* PostCell.swift in Sources */ = {isa = PBXBuildFile; fileRef = 40F9EEDB24A61CC9001B679C /* PostCell.swift */; };
		40F9EEDE24A623AA001B679C /* PostViewController.swift in Sources */ = {isa = PBXBuildFile; fileRef = 40F9EEDD24A623AA001B679C /* PostViewController.swift */; };
		C018075C264BC012001432B0 /* common.framework in Frameworks */ = {isa = PBXBuildFile; fileRef = C018075B264BC012001432B0 /* common.framework */; };
		C018075D264BC012001432B0 /* common.framework in Embed Frameworks */ = {isa = PBXBuildFile; fileRef = C018075B264BC012001432B0 /* common.framework */; settings = {ATTRIBUTES = (CodeSignOnCopy, RemoveHeadersOnCopy, ); }; };
		F861D7E1207FA40F0085E80D /* AppDelegate.swift in Sources */ = {isa = PBXBuildFile; fileRef = F861D7E0207FA40F0085E80D /* AppDelegate.swift */; };
		F861D7E3207FA40F0085E80D /* ViewController.swift in Sources */ = {isa = PBXBuildFile; fileRef = F861D7E2207FA40F0085E80D /* ViewController.swift */; };
		F861D7E6207FA40F0085E80D /* Main.storyboard in Resources */ = {isa = PBXBuildFile; fileRef = F861D7E4207FA40F0085E80D /* Main.storyboard */; };
		F861D7EB207FA4100085E80D /* LaunchScreen.storyboard in Resources */ = {isa = PBXBuildFile; fileRef = F861D7E9207FA4100085E80D /* LaunchScreen.storyboard */; };
/* End PBXBuildFile section */

/* Begin PBXCopyFilesBuildPhase section */
		C018075E264BC012001432B0 /* Embed Frameworks */ = {
			isa = PBXCopyFilesBuildPhase;
			buildActionMask = 2147483647;
			dstPath = "";
			dstSubfolderSpec = 10;
			files = (
				C018075D264BC012001432B0 /* common.framework in Embed Frameworks */,
			);
			name = "Embed Frameworks";
			runOnlyForDeploymentPostprocessing = 0;
		};
/* End PBXCopyFilesBuildPhase section */

/* Begin PBXFileReference section */
		402E4AE92447B3DE00F62984 /* Storage.swift */ = {isa = PBXFileReference; lastKnownFileType = sourcecode.swift; path = Storage.swift; sourceTree = "<group>"; };
		404CC90B24A952C400E31976 /* maping_v1_v2.xcmappingmodel */ = {isa = PBXFileReference; lastKnownFileType = wrapper.xcmappingmodel; path = maping_v1_v2.xcmappingmodel; sourceTree = "<group>"; };
		406CB1892448D84900E6122E /* ImageCell.swift */ = {isa = PBXFileReference; lastKnownFileType = sourcecode.swift; path = ImageCell.swift; sourceTree = "<group>"; };
		406F920724A8BC860073A719 /* reactor v2.xcdatamodel */ = {isa = PBXFileReference; lastKnownFileType = wrapper.xcdatamodel; path = "reactor v2.xcdatamodel"; sourceTree = "<group>"; };
		407A155E24A9D60200139B41 /* PostImageEntity+CoreDataClass.swift */ = {isa = PBXFileReference; lastKnownFileType = sourcecode.swift; path = "PostImageEntity+CoreDataClass.swift"; sourceTree = "<group>"; };
		407A155F24A9D60200139B41 /* PostImageEntity+CoreDataProperties.swift */ = {isa = PBXFileReference; lastKnownFileType = sourcecode.swift; path = "PostImageEntity+CoreDataProperties.swift"; sourceTree = "<group>"; };
		407A156024A9D60200139B41 /* PageEntity+CoreDataClass.swift */ = {isa = PBXFileReference; lastKnownFileType = sourcecode.swift; path = "PageEntity+CoreDataClass.swift"; sourceTree = "<group>"; };
		407A156124A9D60200139B41 /* PageEntity+CoreDataProperties.swift */ = {isa = PBXFileReference; lastKnownFileType = sourcecode.swift; path = "PageEntity+CoreDataProperties.swift"; sourceTree = "<group>"; };
		407A156224A9D60200139B41 /* PostEntity+CoreDataClass.swift */ = {isa = PBXFileReference; lastKnownFileType = sourcecode.swift; path = "PostEntity+CoreDataClass.swift"; sourceTree = "<group>"; };
		407A156324A9D60200139B41 /* PostEntity+CoreDataProperties.swift */ = {isa = PBXFileReference; lastKnownFileType = sourcecode.swift; path = "PostEntity+CoreDataProperties.swift"; sourceTree = "<group>"; };
		409BE3B124B0CBE200605217 /* Assets.xcassets */ = {isa = PBXFileReference; lastKnownFileType = folder.assetcatalog; path = Assets.xcassets; sourceTree = "<group>"; };
		40CFF7292447ACC90093EF64 /* reactor.xcdatamodel */ = {isa = PBXFileReference; lastKnownFileType = wrapper.xcdatamodel; path = reactor.xcdatamodel; sourceTree = "<group>"; };
		40F9EEDB24A61CC9001B679C /* PostCell.swift */ = {isa = PBXFileReference; lastKnownFileType = sourcecode.swift; path = PostCell.swift; sourceTree = "<group>"; };
		40F9EEDD24A623AA001B679C /* PostViewController.swift */ = {isa = PBXFileReference; fileEncoding = 4; lastKnownFileType = sourcecode.swift; path = PostViewController.swift; sourceTree = "<group>"; };
		C018075B264BC012001432B0 /* common.framework */ = {isa = PBXFileReference; lastKnownFileType = wrapper.framework; name = common.framework; path = "../common/build/xcode-frameworks/common.framework"; sourceTree = "<group>"; };
		F861D7DD207FA40F0085E80D /* iosApp.app */ = {isa = PBXFileReference; explicitFileType = wrapper.application; includeInIndex = 0; path = iosApp.app; sourceTree = BUILT_PRODUCTS_DIR; };
		F861D7E0207FA40F0085E80D /* AppDelegate.swift */ = {isa = PBXFileReference; lastKnownFileType = sourcecode.swift; path = AppDelegate.swift; sourceTree = "<group>"; };
		F861D7E2207FA40F0085E80D /* ViewController.swift */ = {isa = PBXFileReference; lastKnownFileType = sourcecode.swift; path = ViewController.swift; sourceTree = "<group>"; };
		F861D7E5207FA40F0085E80D /* Base */ = {isa = PBXFileReference; lastKnownFileType = file.storyboard; name = Base; path = Base.lproj/Main.storyboard; sourceTree = "<group>"; };
		F861D7EA207FA4100085E80D /* Base */ = {isa = PBXFileReference; lastKnownFileType = file.storyboard; name = Base; path = Base.lproj/LaunchScreen.storyboard; sourceTree = "<group>"; };
		F861D7EC207FA4100085E80D /* Info.plist */ = {isa = PBXFileReference; lastKnownFileType = text.plist.xml; path = Info.plist; sourceTree = "<group>"; };
		F861D813207FA4520085E80D /* common */ = {isa = PBXFileReference; lastKnownFileType = folder; name = common; path = ../common; sourceTree = "<group>"; };
/* End PBXFileReference section */

/* Begin PBXFrameworksBuildPhase section */
		F861D7DA207FA40F0085E80D /* Frameworks */ = {
			isa = PBXFrameworksBuildPhase;
			buildActionMask = 2147483647;
			files = (
				4039286D248D658500E45506 /* Kingfisher in Frameworks */,
				C018075C264BC012001432B0 /* common.framework in Frameworks */,
				4039286B248D658500E45506 /* KingfisherStatic in Frameworks */,
			);
			runOnlyForDeploymentPostprocessing = 0;
		};
/* End PBXFrameworksBuildPhase section */

/* Begin PBXGroup section */
		406F920624A894B60073A719 /* Model */ = {
			isa = PBXGroup;
			children = (
				407A155E24A9D60200139B41 /* PostImageEntity+CoreDataClass.swift */,
				407A155F24A9D60200139B41 /* PostImageEntity+CoreDataProperties.swift */,
				407A156024A9D60200139B41 /* PageEntity+CoreDataClass.swift */,
				407A156124A9D60200139B41 /* PageEntity+CoreDataProperties.swift */,
				407A156224A9D60200139B41 /* PostEntity+CoreDataClass.swift */,
				407A156324A9D60200139B41 /* PostEntity+CoreDataProperties.swift */,
				402E4AE92447B3DE00F62984 /* Storage.swift */,
				40CFF7282447ACC90093EF64 /* reactor.xcdatamodeld */,
				404CC90B24A952C400E31976 /* maping_v1_v2.xcmappingmodel */,
			);
			path = Model;
			sourceTree = "<group>";
		};
		40F9EED924A61C92001B679C /* Gallery */ = {
			isa = PBXGroup;
			children = (
				F861D7E2207FA40F0085E80D /* ViewController.swift */,
				406CB1892448D84900E6122E /* ImageCell.swift */,
			);
			path = Gallery;
			sourceTree = "<group>";
		};
		40F9EEDA24A61CAB001B679C /* Post */ = {
			isa = PBXGroup;
			children = (
				40F9EEDD24A623AA001B679C /* PostViewController.swift */,
				40F9EEDB24A61CC9001B679C /* PostCell.swift */,
			);
			path = Post;
			sourceTree = "<group>";
		};
		C018075A264BC012001432B0 /* Frameworks */ = {
			isa = PBXGroup;
			children = (
				C018075B264BC012001432B0 /* common.framework */,
			);
			name = Frameworks;
			sourceTree = "<group>";
		};
		F861D7D4207FA40F0085E80D = {
			isa = PBXGroup;
			children = (
				F861D813207FA4520085E80D /* common */,
				F861D7DF207FA40F0085E80D /* iosApp */,
				F861D7DE207FA40F0085E80D /* Products */,
				C018075A264BC012001432B0 /* Frameworks */,
			);
			sourceTree = "<group>";
		};
		F861D7DE207FA40F0085E80D /* Products */ = {
			isa = PBXGroup;
			children = (
				F861D7DD207FA40F0085E80D /* iosApp.app */,
			);
			name = Products;
			sourceTree = "<group>";
		};
		F861D7DF207FA40F0085E80D /* iosApp */ = {
			isa = PBXGroup;
			children = (
				406F920624A894B60073A719 /* Model */,
				40F9EEDA24A61CAB001B679C /* Post */,
				40F9EED924A61C92001B679C /* Gallery */,
				F861D7E0207FA40F0085E80D /* AppDelegate.swift */,
				F861D7E4207FA40F0085E80D /* Main.storyboard */,
				F861D7E9207FA4100085E80D /* LaunchScreen.storyboard */,
				F861D7EC207FA4100085E80D /* Info.plist */,
				409BE3B124B0CBE200605217 /* Assets.xcassets */,
			);
			path = iosApp;
			sourceTree = "<group>";
		};
/* End PBXGroup section */

/* Begin PBXNativeTarget section */
		F861D7DC207FA40F0085E80D /* iosApp */ = {
			isa = PBXNativeTarget;
			buildConfigurationList = F861D7FA207FA4100085E80D /* Build configuration list for PBXNativeTarget "iosApp" */;
			buildPhases = (
				C0F9E2FB264B2D5C005A4485 /* ShellScript */,
				F861D7D9207FA40F0085E80D /* Sources */,
				F861D7DA207FA40F0085E80D /* Frameworks */,
				F861D7DB207FA40F0085E80D /* Resources */,
				C018075E264BC012001432B0 /* Embed Frameworks */,
			);
			buildRules = (
			);
			dependencies = (
			);
			name = iosApp;
			packageProductDependencies = (
				4039286A248D658500E45506 /* KingfisherStatic */,
				4039286C248D658500E45506 /* Kingfisher */,
			);
			productName = iosApp;
			productReference = F861D7DD207FA40F0085E80D /* iosApp.app */;
			productType = "com.apple.product-type.application";
		};
/* End PBXNativeTarget section */

/* Begin PBXProject section */
		F861D7D5207FA40F0085E80D /* Project object */ = {
			isa = PBXProject;
			attributes = {
				LastSwiftUpdateCheck = 1250;
				LastUpgradeCheck = 1140;
				TargetAttributes = {
					F861D7DC207FA40F0085E80D = {
						CreatedOnToolsVersion = 9.3;
					};
				};
			};
			buildConfigurationList = F861D7D8207FA40F0085E80D /* Build configuration list for PBXProject "iosApp" */;
			compatibilityVersion = "Xcode 9.3";
			developmentRegion = en;
			hasScannedForEncodings = 0;
			knownRegions = (
				en,
				Base,
			);
			mainGroup = F861D7D4207FA40F0085E80D;
			packageReferences = (
				40392869248D658500E45506 /* XCRemoteSwiftPackageReference "Kingfisher" */,
			);
			productRefGroup = F861D7DE207FA40F0085E80D /* Products */;
			projectDirPath = "";
			projectRoot = "";
			targets = (
				F861D7DC207FA40F0085E80D /* iosApp */,
			);
		};
/* End PBXProject section */

/* Begin PBXResourcesBuildPhase section */
		F861D7DB207FA40F0085E80D /* Resources */ = {
			isa = PBXResourcesBuildPhase;
			buildActionMask = 2147483647;
			files = (
				F861D7EB207FA4100085E80D /* LaunchScreen.storyboard in Resources */,
				409BE3B224B0CBE200605217 /* Assets.xcassets in Resources */,
				F861D7E6207FA40F0085E80D /* Main.storyboard in Resources */,
			);
			runOnlyForDeploymentPostprocessing = 0;
		};
/* End PBXResourcesBuildPhase section */

/* Begin PBXShellScriptBuildPhase section */
		C0F9E2FB264B2D5C005A4485 /* ShellScript */ = {
			isa = PBXShellScriptBuildPhase;
			buildActionMask = 2147483647;
			files = (
			);
			inputFileListPaths = (
			);
			inputPaths = (
			);
			outputFileListPaths = (
			);
			outputPaths = (
			);
			runOnlyForDeploymentPostprocessing = 0;
			shellPath = /bin/sh;
			shellScript = "cd \"$SRCROOT/..\"\n./gradlew :common:packForXcode -PXCODE_CONFIGURATION=${CONFIGURATION}\n";
		};
/* End PBXShellScriptBuildPhase section */

/* Begin PBXSourcesBuildPhase section */
		F861D7D9207FA40F0085E80D /* Sources */ = {
			isa = PBXSourcesBuildPhase;
			buildActionMask = 2147483647;
			files = (
				407A156924A9D60200139B41 /* PostEntity+CoreDataProperties.swift in Sources */,
				407A156824A9D60200139B41 /* PostEntity+CoreDataClass.swift in Sources */,
				40F9EEDC24A61CC9001B679C /* PostCell.swift in Sources */,
				407A156424A9D60200139B41 /* PostImageEntity+CoreDataClass.swift in Sources */,
				407A156624A9D60200139B41 /* PageEntity+CoreDataClass.swift in Sources */,
				F861D7E3207FA40F0085E80D /* ViewController.swift in Sources */,
				404CC90C24A952C400E31976 /* maping_v1_v2.xcmappingmodel in Sources */,
				407A156524A9D60200139B41 /* PostImageEntity+CoreDataProperties.swift in Sources */,
				40F9EEDE24A623AA001B679C /* PostViewController.swift in Sources */,
				402E4AEA2447B3DE00F62984 /* Storage.swift in Sources */,
				F861D7E1207FA40F0085E80D /* AppDelegate.swift in Sources */,
				40CFF72A2447ACC90093EF64 /* reactor.xcdatamodeld in Sources */,
				406CB18A2448D84900E6122E /* ImageCell.swift in Sources */,
				407A156724A9D60200139B41 /* PageEntity+CoreDataProperties.swift in Sources */,
			);
			runOnlyForDeploymentPostprocessing = 0;
		};
/* End PBXSourcesBuildPhase section */

/* Begin PBXVariantGroup section */
		F861D7E4207FA40F0085E80D /* Main.storyboard */ = {
			isa = PBXVariantGroup;
			children = (
				F861D7E5207FA40F0085E80D /* Base */,
			);
			name = Main.storyboard;
			sourceTree = "<group>";
		};
		F861D7E9207FA4100085E80D /* LaunchScreen.storyboard */ = {
			isa = PBXVariantGroup;
			children = (
				F861D7EA207FA4100085E80D /* Base */,
			);
			name = LaunchScreen.storyboard;
			sourceTree = "<group>";
		};
/* End PBXVariantGroup section */

/* Begin XCBuildConfiguration section */
		F861D7F8207FA4100085E80D /* Debug */ = {
			isa = XCBuildConfiguration;
			buildSettings = {
				ALWAYS_SEARCH_USER_PATHS = NO;
				CLANG_ANALYZER_NONNULL = YES;
				CLANG_ANALYZER_NUMBER_OBJECT_CONVERSION = YES_AGGRESSIVE;
				CLANG_CXX_LANGUAGE_STANDARD = "gnu++14";
				CLANG_CXX_LIBRARY = "libc++";
				CLANG_ENABLE_MODULES = YES;
				CLANG_ENABLE_OBJC_ARC = YES;
				CLANG_ENABLE_OBJC_WEAK = YES;
				CLANG_WARN_BLOCK_CAPTURE_AUTORELEASING = YES;
				CLANG_WARN_BOOL_CONVERSION = YES;
				CLANG_WARN_COMMA = YES;
				CLANG_WARN_CONSTANT_CONVERSION = YES;
				CLANG_WARN_DEPRECATED_OBJC_IMPLEMENTATIONS = YES;
				CLANG_WARN_DIRECT_OBJC_ISA_USAGE = YES_ERROR;
				CLANG_WARN_DOCUMENTATION_COMMENTS = YES;
				CLANG_WARN_EMPTY_BODY = YES;
				CLANG_WARN_ENUM_CONVERSION = YES;
				CLANG_WARN_INFINITE_RECURSION = YES;
				CLANG_WARN_INT_CONVERSION = YES;
				CLANG_WARN_NON_LITERAL_NULL_CONVERSION = YES;
				CLANG_WARN_OBJC_IMPLICIT_RETAIN_SELF = YES;
				CLANG_WARN_OBJC_LITERAL_CONVERSION = YES;
				CLANG_WARN_OBJC_ROOT_CLASS = YES_ERROR;
				CLANG_WARN_RANGE_LOOP_ANALYSIS = YES;
				CLANG_WARN_STRICT_PROTOTYPES = YES;
				CLANG_WARN_SUSPICIOUS_MOVE = YES;
				CLANG_WARN_UNGUARDED_AVAILABILITY = YES_AGGRESSIVE;
				CLANG_WARN_UNREACHABLE_CODE = YES;
				CLANG_WARN__DUPLICATE_METHOD_MATCH = YES;
				CODE_SIGN_IDENTITY = "iPhone Developer";
				COPY_PHASE_STRIP = NO;
				DEBUG_INFORMATION_FORMAT = dwarf;
				ENABLE_BITCODE = NO;
				ENABLE_STRICT_OBJC_MSGSEND = YES;
				ENABLE_TESTABILITY = YES;
				GCC_C_LANGUAGE_STANDARD = gnu11;
				GCC_DYNAMIC_NO_PIC = NO;
				GCC_NO_COMMON_BLOCKS = YES;
				GCC_OPTIMIZATION_LEVEL = 0;
				GCC_PREPROCESSOR_DEFINITIONS = (
					"DEBUG=1",
					"$(inherited)",
				);
				GCC_WARN_64_TO_32_BIT_CONVERSION = YES;
				GCC_WARN_ABOUT_RETURN_TYPE = YES_ERROR;
				GCC_WARN_UNDECLARED_SELECTOR = YES;
				GCC_WARN_UNINITIALIZED_AUTOS = YES_AGGRESSIVE;
				GCC_WARN_UNUSED_FUNCTION = YES;
				GCC_WARN_UNUSED_VARIABLE = YES;
				IPHONEOS_DEPLOYMENT_TARGET = 11.3;
				MTL_ENABLE_DEBUG_INFO = YES;
				ONLY_ACTIVE_ARCH = YES;
				OTHER_LDFLAGS = "-v";
				SDKROOT = iphoneos;
				SWIFT_ACTIVE_COMPILATION_CONDITIONS = DEBUG;
				SWIFT_OPTIMIZATION_LEVEL = "-Onone";
			};
			name = Debug;
		};
		F861D7F9207FA4100085E80D /* Release */ = {
			isa = XCBuildConfiguration;
			buildSettings = {
				ALWAYS_SEARCH_USER_PATHS = NO;
				CLANG_ANALYZER_NONNULL = YES;
				CLANG_ANALYZER_NUMBER_OBJECT_CONVERSION = YES_AGGRESSIVE;
				CLANG_CXX_LANGUAGE_STANDARD = "gnu++14";
				CLANG_CXX_LIBRARY = "libc++";
				CLANG_ENABLE_MODULES = YES;
				CLANG_ENABLE_OBJC_ARC = YES;
				CLANG_ENABLE_OBJC_WEAK = YES;
				CLANG_WARN_BLOCK_CAPTURE_AUTORELEASING = YES;
				CLANG_WARN_BOOL_CONVERSION = YES;
				CLANG_WARN_COMMA = YES;
				CLANG_WARN_CONSTANT_CONVERSION = YES;
				CLANG_WARN_DEPRECATED_OBJC_IMPLEMENTATIONS = YES;
				CLANG_WARN_DIRECT_OBJC_ISA_USAGE = YES_ERROR;
				CLANG_WARN_DOCUMENTATION_COMMENTS = YES;
				CLANG_WARN_EMPTY_BODY = YES;
				CLANG_WARN_ENUM_CONVERSION = YES;
				CLANG_WARN_INFINITE_RECURSION = YES;
				CLANG_WARN_INT_CONVERSION = YES;
				CLANG_WARN_NON_LITERAL_NULL_CONVERSION = YES;
				CLANG_WARN_OBJC_IMPLICIT_RETAIN_SELF = YES;
				CLANG_WARN_OBJC_LITERAL_CONVERSION = YES;
				CLANG_WARN_OBJC_ROOT_CLASS = YES_ERROR;
				CLANG_WARN_RANGE_LOOP_ANALYSIS = YES;
				CLANG_WARN_STRICT_PROTOTYPES = YES;
				CLANG_WARN_SUSPICIOUS_MOVE = YES;
				CLANG_WARN_UNGUARDED_AVAILABILITY = YES_AGGRESSIVE;
				CLANG_WARN_UNREACHABLE_CODE = YES;
				CLANG_WARN__DUPLICATE_METHOD_MATCH = YES;
				CODE_SIGN_IDENTITY = "iPhone Developer";
				COPY_PHASE_STRIP = NO;
				DEBUG_INFORMATION_FORMAT = "dwarf-with-dsym";
				ENABLE_BITCODE = NO;
				ENABLE_NS_ASSERTIONS = NO;
				ENABLE_STRICT_OBJC_MSGSEND = YES;
				GCC_C_LANGUAGE_STANDARD = gnu11;
				GCC_NO_COMMON_BLOCKS = YES;
				GCC_WARN_64_TO_32_BIT_CONVERSION = YES;
				GCC_WARN_ABOUT_RETURN_TYPE = YES_ERROR;
				GCC_WARN_UNDECLARED_SELECTOR = YES;
				GCC_WARN_UNINITIALIZED_AUTOS = YES_AGGRESSIVE;
				GCC_WARN_UNUSED_FUNCTION = YES;
				GCC_WARN_UNUSED_VARIABLE = YES;
				IPHONEOS_DEPLOYMENT_TARGET = 11.3;
				MTL_ENABLE_DEBUG_INFO = NO;
				OTHER_LDFLAGS = "-v";
				SDKROOT = iphoneos;
				SWIFT_COMPILATION_MODE = wholemodule;
				SWIFT_OPTIMIZATION_LEVEL = "-O";
				VALIDATE_PRODUCT = YES;
			};
			name = Release;
		};
		F861D7FB207FA4100085E80D /* Debug */ = {
			isa = XCBuildConfiguration;
			buildSettings = {
				CODE_SIGN_STYLE = Automatic;
				DEVELOPMENT_TEAM = SU33AJBF5T;
				ENABLE_BITCODE = NO;
				FRAMEWORK_SEARCH_PATHS = "$(SRCROOT)/../common/build/xcode-frameworks";
				INFOPLIST_FILE = iosApp/Info.plist;
				LD_RUNPATH_SEARCH_PATHS = (
					"$(inherited)",
					"@executable_path/Frameworks",
				);
				ONLY_ACTIVE_ARCH = YES;
				OTHER_LDFLAGS = "-v";
				PRODUCT_BUNDLE_IDENTIFIER = "org.kifio.reactor-viewer";
				PRODUCT_NAME = "$(TARGET_NAME)";
				SWIFT_VERSION = 4.0;
				TARGETED_DEVICE_FAMILY = "1,2";
				VALIDATE_WORKSPACE = YES;
				VALID_ARCHS = "arm64 armv7";
			};
			name = Debug;
		};
		F861D7FC207FA4100085E80D /* Release */ = {
			isa = XCBuildConfiguration;
			buildSettings = {
				CODE_SIGN_STYLE = Automatic;
				DEVELOPMENT_TEAM = SU33AJBF5T;
				ENABLE_BITCODE = NO;
				FRAMEWORK_SEARCH_PATHS = "$(SRCROOT)/../common/build/xcode-frameworks";
				INFOPLIST_FILE = iosApp/Info.plist;
				LD_RUNPATH_SEARCH_PATHS = (
					"$(inherited)",
					"@executable_path/Frameworks",
				);
				ONLY_ACTIVE_ARCH = YES;
				OTHER_LDFLAGS = "-v";
				PRODUCT_BUNDLE_IDENTIFIER = "org.kifio.reactor-viewer";
				PRODUCT_NAME = "$(TARGET_NAME)";
				SWIFT_VERSION = 4.0;
				TARGETED_DEVICE_FAMILY = "1,2";
				VALIDATE_WORKSPACE = YES;
				VALID_ARCHS = "arm64 armv7";
			};
			name = Release;
		};
/* End XCBuildConfiguration section */

/* Begin XCConfigurationList section */
		F861D7D8207FA40F0085E80D /* Build configuration list for PBXProject "iosApp" */ = {
			isa = XCConfigurationList;
			buildConfigurations = (
				F861D7F8207FA4100085E80D /* Debug */,
				F861D7F9207FA4100085E80D /* Release */,
			);
			defaultConfigurationIsVisible = 0;
			defaultConfigurationName = Release;
		};
		F861D7FA207FA4100085E80D /* Build configuration list for PBXNativeTarget "iosApp" */ = {
			isa = XCConfigurationList;
			buildConfigurations = (
				F861D7FB207FA4100085E80D /* Debug */,
				F861D7FC207FA4100085E80D /* Release */,
			);
			defaultConfigurationIsVisible = 0;
			defaultConfigurationName = Release;
		};
/* End XCConfigurationList section */

/* Begin XCRemoteSwiftPackageReference section */
		40392869248D658500E45506 /* XCRemoteSwiftPackageReference "Kingfisher" */ = {
			isa = XCRemoteSwiftPackageReference;
			repositoryURL = "https://github.com/onevcat/Kingfisher";
			requirement = {
				kind = upToNextMajorVersion;
				minimumVersion = 5.14.0;
			};
		};
/* End XCRemoteSwiftPackageReference section */

/* Begin XCSwiftPackageProductDependency section */
		4039286A248D658500E45506 /* KingfisherStatic */ = {
			isa = XCSwiftPackageProductDependency;
			package = 40392869248D658500E45506 /* XCRemoteSwiftPackageReference "Kingfisher" */;
			productName = KingfisherStatic;
		};
		4039286C248D658500E45506 /* Kingfisher */ = {
			isa = XCSwiftPackageProductDependency;
			package = 40392869248D658500E45506 /* XCRemoteSwiftPackageReference "Kingfisher" */;
			productName = Kingfisher;
		};
/* End XCSwiftPackageProductDependency section */

/* Begin XCVersionGroup section */
		40CFF7282447ACC90093EF64 /* reactor.xcdatamodeld */ = {
			isa = XCVersionGroup;
			children = (
				406F920724A8BC860073A719 /* reactor v2.xcdatamodel */,
				40CFF7292447ACC90093EF64 /* reactor.xcdatamodel */,
			);
			currentVersion = 406F920724A8BC860073A719 /* reactor v2.xcdatamodel */;
			path = reactor.xcdatamodeld;
			sourceTree = "<group>";
			versionGroupType = wrapper.xcdatamodel;
		};
/* End XCVersionGroup section */
	};
	rootObject = F861D7D5207FA40F0085E80D /* Project object */;
}
